
Microsoft Visual Studio Solution File, Format Version 12.00
# Visual Studio Version 17
VisualStudioVersion = 17.11.35222.181
MinimumVisualStudioVersion = 10.0.40219.1
Project("{FAE04EC0-301F-11D3-BF4B-00C04F79EFBC}") = "Api", "MillionTest\Api.csproj", "{CC7EFE20-30A5-47C6-9643-F71FF4EA8BE3}"
EndProject
Project("{FAE04EC0-301F-11D3-BF4B-00C04F79EFBC}") = "Infraestructure", "Infraestructure\Infraestructure.csproj", "{98484D42-8764-4431-A5E1-84D18278AD23}"
EndProject
Project("{FAE04EC0-301F-11D3-BF4B-00C04F79EFBC}") = "Core", "Core\Core.csproj", "{5DFD8CBF-59EF-482E-92D8-86083904AF0B}"
EndProject
Project("{FAE04EC0-301F-11D3-BF4B-00C04F79EFBC}") = "Application", "Application\Application.csproj", "{83BAC884-9EF6-4925-8BFB-0C55B4453CE4}"
EndProject
Global
	GlobalSection(SolutionConfigurationPlatforms) = preSolution
		Debug|Any CPU = Debug|Any CPU
		Release|Any CPU = Release|Any CPU
	EndGlobalSection
	GlobalSection(ProjectConfigurationPlatforms) = postSolution
		{CC7EFE20-30A5-47C6-9643-F71FF4EA8BE3}.Debug|Any CPU.ActiveCfg = Debug|Any CPU
		{CC7EFE20-30A5-47C6-9643-F71FF4EA8BE3}.Debug|Any CPU.Build.0 = Debug|Any CPU
		{CC7EFE20-30A5-47C6-9643-F71FF4EA8BE3}.Release|Any CPU.ActiveCfg = Release|Any CPU
		{CC7EFE20-30A5-47C6-9643-F71FF4EA8BE3}.Release|Any CPU.Build.0 = Release|Any CPU
		{98484D42-8764-4431-A5E1-84D18278AD23}.Debug|Any CPU.ActiveCfg = Debug|Any CPU
		{98484D42-8764-4431-A5E1-84D18278AD23}.Debug|Any CPU.Build.0 = Debug|Any CPU
		{98484D42-8764-4431-A5E1-84D18278AD23}.Release|Any CPU.ActiveCfg = Release|Any CPU
		{98484D42-8764-4431-A5E1-84D18278AD23}.Release|Any CPU.Build.0 = Release|Any CPU
		{5DFD8CBF-59EF-482E-92D8-86083904AF0B}.Debug|Any CPU.ActiveCfg = Debug|Any CPU
		{5DFD8CBF-59EF-482E-92D8-86083904AF0B}.Debug|Any CPU.Build.0 = Debug|Any CPU
		{5DFD8CBF-59EF-482E-92D8-86083904AF0B}.Release|Any CPU.ActiveCfg = Release|Any CPU
		{5DFD8CBF-59EF-482E-92D8-86083904AF0B}.Release|Any CPU.Build.0 = Release|Any CPU
		{83BAC884-9EF6-4925-8BFB-0C55B4453CE4}.Debug|Any CPU.ActiveCfg = Debug|Any CPU
		{83BAC884-9EF6-4925-8BFB-0C55B4453CE4}.Debug|Any CPU.Build.0 = Debug|Any CPU
		{83BAC884-9EF6-4925-8BFB-0C55B4453CE4}.Release|Any CPU.ActiveCfg = Release|Any CPU
		{83BAC884-9EF6-4925-8BFB-0C55B4453CE4}.Release|Any CPU.Build.0 = Release|Any CPU
	EndGlobalSection
	GlobalSection(SolutionProperties) = preSolution
		HideSolutionNode = FALSE
	EndGlobalSection
	GlobalSection(ExtensibilityGlobals) = postSolution
		SolutionGuid = {9B5CB0DE-8AF0-424F-A751-324DCEA3A86A}
	EndGlobalSection
EndGlobal
